// !$*UTF8*$!
{
	archiveVersion = 1;
	classes = {
	};
	objectVersion = 77;
	objects = {

/* Begin PBXContainerItemProxy section */
		5B7F52062E0E630B00FD0EAB /* PBXContainerItemProxy */ = {
			isa = PBXContainerItemProxy;
			containerPortal = 5B7F51F02E0E630A00FD0EAB /* Project object */;
			proxyType = 1;
			remoteGlobalIDString = 5B7F51F72E0E630A00FD0EAB;
			remoteInfo = RatibPalv2;
		};
		5B7F52102E0E630B00FD0EAB /* PBXContainerItemProxy */ = {
			isa = PBXContainerItemProxy;
			containerPortal = 5B7F51F02E0E630A00FD0EAB /* Project object */;
			proxyType = 1;
			remoteGlobalIDString = 5B7F51F72E0E630A00FD0EAB;
			remoteInfo = RatibPalv2;
		};
/* End PBXContainerItemProxy section */

/* Begin PBXFileReference section */
		5B7F51F82E0E630A00FD0EAB /* RatibPalv2.app */ = {isa = PBXFileReference; explicitFileType = wrapper.application; includeInIndex = 0; path = RatibPalv2.app; sourceTree = BUILT_PRODUCTS_DIR; };
		5B7F52052E0E630B00FD0EAB /* RatibPalv2Tests.xctest */ = {isa = PBXFileReference; explicitFileType = wrapper.cfbundle; includeInIndex = 0; path = RatibPalv2Tests.xctest; sourceTree = BUILT_PRODUCTS_DIR; };
		5B7F520F2E0E630B00FD0EAB /* RatibPalv2UITests.xctest */ = {isa = PBXFileReference; explicitFileType = wrapper.cfbundle; includeInIndex = 0; path = RatibPalv2UITests.xctest; sourceTree = BUILT_PRODUCTS_DIR; };
/* End PBXFileReference section */

/* Begin PBXFileSystemSynchronizedRootGroup section */
		5B7F51FA2E0E630A00FD0EAB /* RatibPalv2 */ = {
			isa = PBXFileSystemSynchronizedRootGroup;
			path = RatibPalv2;
			sourceTree = "<group>";
		};
		5B7F52082E0E630B00FD0EAB /* RatibPalv2Tests */ = {
			isa = PBXFileSystemSynchronizedRootGroup;
			path = RatibPalv2Tests;
			sourceTree = "<group>";
		};
		5B7F52122E0E630B00FD0EAB /* RatibPalv2UITests */ = {
			isa = PBXFileSystemSynchronizedRootGroup;
			path = RatibPalv2UITests;
			sourceTree = "<group>";
		};
/* End PBXFileSystemSynchronizedRootGroup section */

/* Begin PBXFrameworksBuildPhase section */
		5B7F51F52E0E630A00FD0EAB /* Frameworks */ = {
			isa = PBXFrameworksBuildPhase;
			buildActionMask = 2147483647;
			files = (
			);
			runOnlyForDeploymentPostprocessing = 0;
		};
		5B7F52022E0E630B00FD0EAB /* Frameworks */ = {
			isa = PBXFrameworksBuildPhase;
			buildActionMask = 2147483647;
			files = (
			);
			runOnlyForDeploymentPostprocessing = 0;
		};
		5B7F520C2E0E630B00FD0EAB /* Frameworks */ = {
			isa = PBXFrameworksBuildPhase;
			buildActionMask = 2147483647;
			files = (
			);
			runOnlyForDeploymentPostprocessing = 0;
		};
/* End PBXFrameworksBuildPhase section */

/* Begin PBXGroup section */
		5B7F51EF2E0E630A00FD0EAB = {
			isa = PBXGroup;
			children = (
				5B7F51FA2E0E630A00FD0EAB /* RatibPalv2 */,
				5B7F52082E0E630B00FD0EAB /* RatibPalv2Tests */,
				5B7F52122E0E630B00FD0EAB /* RatibPalv2UITests */,
				5B7F51F92E0E630A00FD0EAB /* Products */,
			);
			sourceTree = "<group>";
		};
		5B7F51F92E0E630A00FD0EAB /* Products */ = {
			isa = PBXGroup;
			children = (
				5B7F51F82E0E630A00FD0EAB /* RatibPalv2.app */,
				5B7F52052E0E630B00FD0EAB /* RatibPalv2Tests.xctest */,
				5B7F520F2E0E630B00FD0EAB /* RatibPalv2UITests.xctest */,
			);
			name = Products;
			sourceTree = "<group>";
		};
/* End PBXGroup section */

/* Begin PBXNativeTarget section */
		5B7F51F72E0E630A00FD0EAB /* RatibPalv2 */ = {
			isa = PBXNativeTarget;
			buildConfigurationList = 5B7F52192E0E630B00FD0EAB /* Build configuration list for PBXNativeTarget "RatibPalv2" */;
			buildPhases = (
				5B7F51F42E0E630A00FD0EAB /* Sources */,
				5B7F51F52E0E630A00FD0EAB /* Frameworks */,
				5B7F51F62E0E630A00FD0EAB /* Resources */,
			);
			buildRules = (
			);
			dependencies = (
			);
			fileSystemSynchronizedGroups = (
				5B7F51FA2E0E630A00FD0EAB /* RatibPalv2 */,
			);
			name = RatibPalv2;
			packageProductDependencies = (
			);
			productName = RatibPalv2;
			productReference = 5B7F51F82E0E630A00FD0EAB /* RatibPalv2.app */;
			productType = "com.apple.product-type.application";
		};
		5B7F52042E0E630B00FD0EAB /* RatibPalv2Tests */ = {
			isa = PBXNativeTarget;
			buildConfigurationList = 5B7F521C2E0E630B00FD0EAB /* Build configuration list for PBXNativeTarget "RatibPalv2Tests" */;
			buildPhases = (
				5B7F52012E0E630B00FD0EAB /* Sources */,
				5B7F52022E0E630B00FD0EAB /* Frameworks */,
				5B7F52032E0E630B00FD0EAB /* Resources */,
			);
			buildRules = (
			);
			dependencies = (
				5B7F52072E0E630B00FD0EAB /* PBXTargetDependency */,
			);
			fileSystemSynchronizedGroups = (
				5B7F52082E0E630B00FD0EAB /* RatibPalv2Tests */,
			);
			name = RatibPalv2Tests;
			packageProductDependencies = (
			);
			productName = RatibPalv2Tests;
			productReference = 5B7F52052E0E630B00FD0EAB /* RatibPalv2Tests.xctest */;
			productType = "com.apple.product-type.bundle.unit-test";
		};
		5B7F520E2E0E630B00FD0EAB /* RatibPalv2UITests */ = {
			isa = PBXNativeTarget;
			buildConfigurationList = 5B7F521F2E0E630B00FD0EAB /* Build configuration list for PBXNativeTarget "RatibPalv2UITests" */;
			buildPhases = (
				5B7F520B2E0E630B00FD0EAB /* Sources */,
				5B7F520C2E0E630B00FD0EAB /* Frameworks */,
				5B7F520D2E0E630B00FD0EAB /* Resources */,
			);
			buildRules = (
			);
			dependencies = (
				5B7F52112E0E630B00FD0EAB /* PBXTargetDependency */,
			);
			fileSystemSynchronizedGroups = (
				5B7F52122E0E630B00FD0EAB /* RatibPalv2UITests */,
			);
			name = RatibPalv2UITests;
			packageProductDependencies = (
			);
			productName = RatibPalv2UITests;
			productReference = 5B7F520F2E0E630B00FD0EAB /* RatibPalv2UITests.xctest */;
			productType = "com.apple.product-type.bundle.ui-testing";
		};
/* End PBXNativeTarget section */

/* Begin PBXProject section */
		5B7F51F02E0E630A00FD0EAB /* Project object */ = {
			isa = PBXProject;
			attributes = {
				BuildIndependentTargetsInParallel = 1;
				LastSwiftUpdateCheck = 1640;
				LastUpgradeCheck = 1640;
				TargetAttributes = {
					5B7F51F72E0E630A00FD0EAB = {
						CreatedOnToolsVersion = 16.4;
					};
					5B7F52042E0E630B00FD0EAB = {
						CreatedOnToolsVersion = 16.4;
						TestTargetID = 5B7F51F72E0E630A00FD0EAB;
					};
					5B7F520E2E0E630B00FD0EAB = {
						CreatedOnToolsVersion = 16.4;
						TestTargetID = 5B7F51F72E0E630A00FD0EAB;
					};
				};
			};
			buildConfigurationList = 5B7F51F32E0E630A00FD0EAB /* Build configuration list for PBXProject "RatibPalv2" */;
			developmentRegion = en;
			hasScannedForEncodings = 0;
			knownRegions = (
				en,
				Base,
			);
			mainGroup = 5B7F51EF2E0E630A00FD0EAB;
			minimizedProjectReferenceProxies = 1;
			preferredProjectObjectVersion = 77;
			productRefGroup = 5B7F51F92E0E630A00FD0EAB /* Products */;
			projectDirPath = "";
			projectRoot = "";
			targets = (
				5B7F51F72E0E630A00FD0EAB /* RatibPalv2 */,
				5B7F52042E0E630B00FD0EAB /* RatibPalv2Tests */,
				5B7F520E2E0E630B00FD0EAB /* RatibPalv2UITests */,
			);
		};
/* End PBXProject section */

/* Begin PBXResourcesBuildPhase section */
		5B7F51F62E0E630A00FD0EAB /* Resources */ = {
			isa = PBXResourcesBuildPhase;
			buildActionMask = 2147483647;
			files = (
			);
			runOnlyForDeploymentPostprocessing = 0;
		};
		5B7F52032E0E630B00FD0EAB /* Resources */ = {
			isa = PBXResourcesBuildPhase;
			buildActionMask = 2147483647;
			files = (
			);
			runOnlyForDeploymentPostprocessing = 0;
		};
		5B7F520D2E0E630B00FD0EAB /* Resources */ = {
			isa = PBXResourcesBuildPhase;
			buildActionMask = 2147483647;
			files = (
			);
			runOnlyForDeploymentPostprocessing = 0;
		};
/* End PBXResourcesBuildPhase section */

/* Begin PBXSourcesBuildPhase section */
		5B7F51F42E0E630A00FD0EAB /* Sources */ = {
			isa = PBXSourcesBuildPhase;
			buildActionMask = 2147483647;
			files = (
			);
			runOnlyForDeploymentPostprocessing = 0;
		};
		5B7F52012E0E630B00FD0EAB /* Sources */ = {
			isa = PBXSourcesBuildPhase;
			buildActionMask = 2147483647;
			files = (
			);
			runOnlyForDeploymentPostprocessing = 0;
		};
		5B7F520B2E0E630B00FD0EAB /* Sources */ = {
			isa = PBXSourcesBuildPhase;
			buildActionMask = 2147483647;
			files = (
			);
			runOnlyForDeploymentPostprocessing = 0;
		};
/* End PBXSourcesBuildPhase section */

/* Begin PBXTargetDependency section */
		5B7F52072E0E630B00FD0EAB /* PBXTargetDependency */ = {
			isa = PBXTargetDependency;
			target = 5B7F51F72E0E630A00FD0EAB /* RatibPalv2 */;
			targetProxy = 5B7F52062E0E630B00FD0EAB /* PBXContainerItemProxy */;
		};
		5B7F52112E0E630B00FD0EAB /* PBXTargetDependency */ = {
			isa = PBXTargetDependency;
			target = 5B7F51F72E0E630A00FD0EAB /* RatibPalv2 */;
			targetProxy = 5B7F52102E0E630B00FD0EAB /* PBXContainerItemProxy */;
		};
/* End PBXTargetDependency section */

/* Begin XCBuildConfiguration section */
		5B7F52172E0E630B00FD0EAB /* Debug */ = {
			isa = XCBuildConfiguration;
			buildSettings = {
				ALWAYS_SEARCH_USER_PATHS = NO;
				ASSETCATALOG_COMPILER_GENERATE_SWIFT_ASSET_SYMBOL_EXTENSIONS = YES;
				CLANG_ANALYZER_NONNULL = YES;
				CLANG_ANALYZER_NUMBER_OBJECT_CONVERSION = YES_AGGRESSIVE;
				CLANG_CXX_LANGUAGE_STANDARD = "gnu++20";
				CLANG_ENABLE_MODULES = YES;
				CLANG_ENABLE_OBJC_ARC = YES;
				CLANG_ENABLE_OBJC_WEAK = YES;
				CLANG_WARN_BLOCK_CAPTURE_AUTORELEASING = YES;
				CLANG_WARN_BOOL_CONVERSION = YES;
				CLANG_WARN_COMMA = YES;
				CLANG_WARN_CONSTANT_CONVERSION = YES;
				CLANG_WARN_DEPRECATED_OBJC_IMPLEMENTATIONS = YES;
				CLANG_WARN_DIRECT_OBJC_ISA_USAGE = YES_ERROR;
				CLANG_WARN_DOCUMENTATION_COMMENTS = YES;
				CLANG_WARN_EMPTY_BODY = YES;
				CLANG_WARN_ENUM_CONVERSION = YES;
				CLANG_WARN_INFINITE_RECURSION = YES;
				CLANG_WARN_INT_CONVERSION = YES;
				CLANG_WARN_NON_LITERAL_NULL_CONVERSION = YES;
				CLANG_WARN_OBJC_IMPLICIT_RETAIN_SELF = YES;
				CLANG_WARN_OBJC_LITERAL_CONVERSION = YES;
				CLANG_WARN_OBJC_ROOT_CLASS = YES_ERROR;
				CLANG_WARN_QUOTED_INCLUDE_IN_FRAMEWORK_HEADER = YES;
				CLANG_WARN_RANGE_LOOP_ANALYSIS = YES;
				CLANG_WARN_STRICT_PROTOTYPES = YES;
				CLANG_WARN_SUSPICIOUS_MOVE = YES;
				CLANG_WARN_UNGUARDED_AVAILABILITY = YES_AGGRESSIVE;
				CLANG_WARN_UNREACHABLE_CODE = YES;
				CLANG_WARN__DUPLICATE_METHOD_MATCH = YES;
				COPY_PHASE_STRIP = NO;
				DEBUG_INFORMATION_FORMAT = dwarf;
				DEVELOPMENT_TEAM = HX4555WCML;
				ENABLE_STRICT_OBJC_MSGSEND = YES;
				ENABLE_TESTABILITY = YES;
				ENABLE_USER_SCRIPT_SANDBOXING = YES;
				GCC_C_LANGUAGE_STANDARD = gnu17;
				GCC_DYNAMIC_NO_PIC = NO;
				GCC_NO_COMMON_BLOCKS = YES;
				GCC_OPTIMIZATION_LEVEL = 0;
				GCC_PREPROCESSOR_DEFINITIONS = (
					"DEBUG=1",
					"$(inherited)",
				);
				GCC_WARN_64_TO_32_BIT_CONVERSION = YES;
				GCC_WARN_ABOUT_RETURN_TYPE = YES_ERROR;
				GCC_WARN_UNDECLARED_SELECTOR = YES;
				GCC_WARN_UNINITIALIZED_AUTOS = YES_AGGRESSIVE;
				GCC_WARN_UNUSED_FUNCTION = YES;
				GCC_WARN_UNUSED_VARIABLE = YES;
				IPHONEOS_DEPLOYMENT_TARGET = 18.5;
				LOCALIZATION_PREFERS_STRING_CATALOGS = YES;
				MTL_ENABLE_DEBUG_INFO = INCLUDE_SOURCE;
				MTL_FAST_MATH = YES;
				ONLY_ACTIVE_ARCH = YES;
				SDKROOT = iphoneos;
				SWIFT_ACTIVE_COMPILATION_CONDITIONS = "DEBUG $(inherited)";
				SWIFT_OPTIMIZATION_LEVEL = "-Onone";
			};
			name = Debug;
		};
		5B7F52182E0E630B00FD0EAB /* Release */ = {
			isa = XCBuildConfiguration;
			buildSettings = {
				ALWAYS_SEARCH_USER_PATHS = NO;
				ASSETCATALOG_COMPILER_GENERATE_SWIFT_ASSET_SYMBOL_EXTENSIONS = YES;
				CLANG_ANALYZER_NONNULL = YES;
				CLANG_ANALYZER_NUMBER_OBJECT_CONVERSION = YES_AGGRESSIVE;
				CLANG_CXX_LANGUAGE_STANDARD = "gnu++20";
				CLANG_ENABLE_MODULES = YES;
				CLANG_ENABLE_OBJC_ARC = YES;
				CLANG_ENABLE_OBJC_WEAK = YES;
				CLANG_WARN_BLOCK_CAPTURE_AUTORELEASING = YES;
				CLANG_WARN_BOOL_CONVERSION = YES;
				CLANG_WARN_COMMA = YES;
				CLANG_WARN_CONSTANT_CONVERSION = YES;
				CLANG_WARN_DEPRECATED_OBJC_IMPLEMENTATIONS = YES;
				CLANG_WARN_DIRECT_OBJC_ISA_USAGE = YES_ERROR;
				CLANG_WARN_DOCUMENTATION_COMMENTS = YES;
				CLANG_WARN_EMPTY_BODY = YES;
				CLANG_WARN_ENUM_CONVERSION = YES;
				CLANG_WARN_INFINITE_RECURSION = YES;
				CLANG_WARN_INT_CONVERSION = YES;
				CLANG_WARN_NON_LITERAL_NULL_CONVERSION = YES;
				CLANG_WARN_OBJC_IMPLICIT_RETAIN_SELF = YES;
				CLANG_WARN_OBJC_LITERAL_CONVERSION = YES;
				CLANG_WARN_OBJC_ROOT_CLASS = YES_ERROR;
				CLANG_WARN_QUOTED_INCLUDE_IN_FRAMEWORK_HEADER = YES;
				CLANG_WARN_RANGE_LOOP_ANALYSIS = YES;
				CLANG_WARN_STRICT_PROTOTYPES = YES;
				CLANG_WARN_SUSPICIOUS_MOVE = YES;
				CLANG_WARN_UNGUARDED_AVAILABILITY = YES_AGGRESSIVE;
				CLANG_WARN_UNREACHABLE_CODE = YES;
				CLANG_WARN__DUPLICATE_METHOD_MATCH = YES;
				COPY_PHASE_STRIP = NO;
				DEBUG_INFORMATION_FORMAT = "dwarf-with-dsym";
				DEVELOPMENT_TEAM = HX4555WCML;
				ENABLE_NS_ASSERTIONS = NO;
				ENABLE_STRICT_OBJC_MSGSEND = YES;
				ENABLE_USER_SCRIPT_SANDBOXING = YES;
				GCC_C_LANGUAGE_STANDARD = gnu17;
				GCC_NO_COMMON_BLOCKS = YES;
				GCC_WARN_64_TO_32_BIT_CONVERSION = YES;
				GCC_WARN_ABOUT_RETURN_TYPE = YES_ERROR;
				GCC_WARN_UNDECLARED_SELECTOR = YES;
				GCC_WARN_UNINITIALIZED_AUTOS = YES_AGGRESSIVE;
				GCC_WARN_UNUSED_FUNCTION = YES;
				GCC_WARN_UNUSED_VARIABLE = YES;
				IPHONEOS_DEPLOYMENT_TARGET = 18.5;
				LOCALIZATION_PREFERS_STRING_CATALOGS = YES;
				MTL_ENABLE_DEBUG_INFO = NO;
				MTL_FAST_MATH = YES;
				SDKROOT = iphoneos;
				SWIFT_COMPILATION_MODE = wholemodule;
				VALIDATE_PRODUCT = YES;
			};
			name = Release;
		};
		5B7F521A2E0E630B00FD0EAB /* Debug */ = {
			isa = XCBuildConfiguration;
			buildSettings = {
				ASSETCATALOG_COMPILER_APPICON_NAME = AppIcon;
				ASSETCATALOG_COMPILER_GLOBAL_ACCENT_COLOR_NAME = AccentColor;
				CODE_SIGN_STYLE = Automatic;
				CURRENT_PROJECT_VERSION = 1;
				DEVELOPMENT_TEAM = HX4555WCML;
				ENABLE_PREVIEWS = YES;
				GENERATE_INFOPLIST_FILE = YES;
				INFOPLIST_KEY_UIApplicationSceneManifest_Generation = YES;
				INFOPLIST_KEY_UIApplicationSupportsIndirectInputEvents = YES;
				INFOPLIST_KEY_UILaunchScreen_Generation = YES;
				INFOPLIST_KEY_UISupportedInterfaceOrientations_iPad = "UIInterfaceOrientationPortrait UIInterfaceOrientationPortraitUpsideDown UIInterfaceOrientationLandscapeLeft UIInterfaceOrientationLandscapeRight";
				INFOPLIST_KEY_UISupportedInterfaceOrientations_iPhone = "UIInterfaceOrientationPortrait UIInterfaceOrientationLandscapeLeft UIInterfaceOrientationLandscapeRight";
				LD_RUNPATH_SEARCH_PATHS = (
					"$(inherited)",
					"@executable_path/Frameworks",
				);
				MARKETING_VERSION = 1.0;
				PRODUCT_BUNDLE_IDENTIFIER = Xcode.RatibPalv2;
				PRODUCT_NAME = "$(TARGET_NAME)";
				SWIFT_EMIT_LOC_STRINGS = YES;
				SWIFT_VERSION = 5.0;
				TARGETED_DEVICE_FAMILY = "1,2";
			};
			name = Debug;
		};
		5B7F521B2E0E630B00FD0EAB /* Release */ = {
			isa = XCBuildConfiguration;
			buildSettings = {
				ASSETCATALOG_COMPILER_APPICON_NAME = AppIcon;
				ASSETCATALOG_COMPILER_GLOBAL_ACCENT_COLOR_NAME = AccentColor;
				CODE_SIGN_STYLE = Automatic;
				CURRENT_PROJECT_VERSION = 1;
				DEVELOPMENT_TEAM = HX4555WCML;
				ENABLE_PREVIEWS = YES;
				GENERATE_INFOPLIST_FILE = YES;
				INFOPLIST_KEY_UIApplicationSceneManifest_Generation = YES;
				INFOPLIST_KEY_UIApplicationSupportsIndirectInputEvents = YES;
				INFOPLIST_KEY_UILaunchScreen_Generation = YES;
				INFOPLIST_KEY_UISupportedInterfaceOrientations_iPad = "UIInterfaceOrientationPortrait UIInterfaceOrientationPortraitUpsideDown UIInterfaceOrientationLandscapeLeft UIInterfaceOrientationLandscapeRight";
				INFOPLIST_KEY_UISupportedInterfaceOrientations_iPhone = "UIInterfaceOrientationPortrait UIInterfaceOrientationLandscapeLeft UIInterfaceOrientationLandscapeRight";
				LD_RUNPATH_SEARCH_PATHS = (
					"$(inherited)",
					"@executable_path/Frameworks",
				);
				MARKETING_VERSION = 1.0;
				PRODUCT_BUNDLE_IDENTIFIER = Xcode.RatibPalv2;
				PRODUCT_NAME = "$(TARGET_NAME)";
				SWIFT_EMIT_LOC_STRINGS = YES;
				SWIFT_VERSION = 5.0;
				TARGETED_DEVICE_FAMILY = "1,2";
			};
			name = Release;
		};
		5B7F521D2E0E630B00FD0EAB /* Debug */ = {
			isa = XCBuildConfiguration;
			buildSettings = {
				BUNDLE_LOADER = "$(TEST_HOST)";
				CODE_SIGN_STYLE = Automatic;
				CURRENT_PROJECT_VERSION = 1;
				DEVELOPMENT_TEAM = HX4555WCML;
				GENERATE_INFOPLIST_FILE = YES;
				IPHONEOS_DEPLOYMENT_TARGET = 18.5;
				MARKETING_VERSION = 1.0;
				PRODUCT_BUNDLE_IDENTIFIER = Xcode.RatibPalv2Tests;
				PRODUCT_NAME = "$(TARGET_NAME)";
				SWIFT_EMIT_LOC_STRINGS = NO;
				SWIFT_VERSION = 5.0;
				TARGETED_DEVICE_FAMILY = "1,2";
				TEST_HOST = "$(BUILT_PRODUCTS_DIR)/RatibPalv2.app/$(BUNDLE_EXECUTABLE_FOLDER_PATH)/RatibPalv2";
			};
			name = Debug;
		};
		5B7F521E2E0E630B00FD0EAB /* Release */ = {
			isa = XCBuildConfiguration;
			buildSettings = {
				BUNDLE_LOADER = "$(TEST_HOST)";
				CODE_SIGN_STYLE = Automatic;
				CURRENT_PROJECT_VERSION = 1;
				DEVELOPMENT_TEAM = HX4555WCML;
				GENERATE_INFOPLIST_FILE = YES;
				IPHONEOS_DEPLOYMENT_TARGET = 18.5;
				MARKETING_VERSION = 1.0;
				PRODUCT_BUNDLE_IDENTIFIER = Xcode.RatibPalv2Tests;
				PRODUCT_NAME = "$(TARGET_NAME)";
				SWIFT_EMIT_LOC_STRINGS = NO;
				SWIFT_VERSION = 5.0;
				TARGETED_DEVICE_FAMILY = "1,2";
				TEST_HOST = "$(BUILT_PRODUCTS_DIR)/RatibPalv2.app/$(BUNDLE_EXECUTABLE_FOLDER_PATH)/RatibPalv2";
			};
			name = Release;
		};
		5B7F52202E0E630B00FD0EAB /* Debug */ = {
			isa = XCBuildConfiguration;
			buildSettings = {
				CODE_SIGN_STYLE = Automatic;
				CURRENT_PROJECT_VERSION = 1;
				DEVELOPMENT_TEAM = HX4555WCML;
				GENERATE_INFOPLIST_FILE = YES;
				MARKETING_VERSION = 1.0;
				PRODUCT_BUNDLE_IDENTIFIER = Xcode.RatibPalv2UITests;
				PRODUCT_NAME = "$(TARGET_NAME)";
				SWIFT_EMIT_LOC_STRINGS = NO;
				SWIFT_VERSION = 5.0;
				TARGETED_DEVICE_FAMILY = "1,2";
				TEST_TARGET_NAME = RatibPalv2;
			};
			name = Debug;
		};
		5B7F52212E0E630B00FD0EAB /* Release */ = {
			isa = XCBuildConfiguration;
			buildSettings = {
				CODE_SIGN_STYLE = Automatic;
				CURRENT_PROJECT_VERSION = 1;
				DEVELOPMENT_TEAM = HX4555WCML;
				GENERATE_INFOPLIST_FILE = YES;
				MARKETING_VERSION = 1.0;
				PRODUCT_BUNDLE_IDENTIFIER = Xcode.RatibPalv2UITests;
				PRODUCT_NAME = "$(TARGET_NAME)";
				SWIFT_EMIT_LOC_STRINGS = NO;
				SWIFT_VERSION = 5.0;
				TARGETED_DEVICE_FAMILY = "1,2";
				TEST_TARGET_NAME = RatibPalv2;
			};
			name = Release;
		};
/* End XCBuildConfiguration section */

/* Begin XCConfigurationList section */
		5B7F51F32E0E630A00FD0EAB /* Build configuration list for PBXProject "RatibPalv2" */ = {
			isa = XCConfigurationList;
			buildConfigurations = (
				5B7F52172E0E630B00FD0EAB /* Debug */,
				5B7F52182E0E630B00FD0EAB /* Release */,
			);
			defaultConfigurationIsVisible = 0;
			defaultConfigurationName = Release;
		};
		5B7F52192E0E630B00FD0EAB /* Build configuration list for PBXNativeTarget "RatibPalv2" */ = {
			isa = XCConfigurationList;
			buildConfigurations = (
				5B7F521A2E0E630B00FD0EAB /* Debug */,
				5B7F521B2E0E630B00FD0EAB /* Release */,
			);
			defaultConfigurationIsVisible = 0;
			defaultConfigurationName = Release;
		};
		5B7F521C2E0E630B00FD0EAB /* Build configuration list for PBXNativeTarget "RatibPalv2Tests" */ = {
			isa = XCConfigurationList;
			buildConfigurations = (
				5B7F521D2E0E630B00FD0EAB /* Debug */,
				5B7F521E2E0E630B00FD0EAB /* Release */,
			);
			defaultConfigurationIsVisible = 0;
			defaultConfigurationName = Release;
		};
		5B7F521F2E0E630B00FD0EAB /* Build configuration list for PBXNativeTarget "RatibPalv2UITests" */ = {
			isa = XCConfigurationList;
			buildConfigurations = (
				5B7F52202E0E630B00FD0EAB /* Debug */,
				5B7F52212E0E630B00FD0EAB /* Release */,
			);
			defaultConfigurationIsVisible = 0;
			defaultConfigurationName = Release;
		};
/* End XCConfigurationList section */
	};
	rootObject = 5B7F51F02E0E630A00FD0EAB /* Project object */;
}
